// !$*UTF8*$!
{
	archiveVersion = 1;
	classes = {
	};
	objectVersion = 46;
	objects = {

/* Begin PBXBuildFile section */
		816D08721DDB25360078BB57 /* main.m in Sources */ = {isa = PBXBuildFile; fileRef = 816D08711DDB25360078BB57 /* main.m */; };
		816D08751DDB25360078BB57 /* AppDelegate.m in Sources */ = {isa = PBXBuildFile; fileRef = 816D08741DDB25360078BB57 /* AppDelegate.m */; };
		816D08781DDB25360078BB57 /* ViewController.m in Sources */ = {isa = PBXBuildFile; fileRef = 816D08771DDB25360078BB57 /* ViewController.m */; };
		816D087B1DDB25360078BB57 /* Main.storyboard in Resources */ = {isa = PBXBuildFile; fileRef = 816D08791DDB25360078BB57 /* Main.storyboard */; };
		816D087D1DDB25360078BB57 /* Assets.xcassets in Resources */ = {isa = PBXBuildFile; fileRef = 816D087C1DDB25360078BB57 /* Assets.xcassets */; };
		816D08801DDB25360078BB57 /* LaunchScreen.storyboard in Resources */ = {isa = PBXBuildFile; fileRef = 816D087E1DDB25360078BB57 /* LaunchScreen.storyboard */; };
		816D088B1DDB25360078BB57 /* _Tests.m in Sources */ = {isa = PBXBuildFile; fileRef = 816D088A1DDB25360078BB57 /* _Tests.m */; };
		816D08961DDB25360078BB57 /* _UITests.m in Sources */ = {isa = PBXBuildFile; fileRef = 816D08951DDB25360078BB57 /* _UITests.m */; };
/* End PBXBuildFile section */

/* Begin PBXContainerItemProxy section */
		816D08871DDB25360078BB57 /* PBXContainerItemProxy */ = {
			isa = PBXContainerItemProxy;
			containerPortal = 816D08651DDB25360078BB57 /* Project object */;
			proxyType = 1;
			remoteGlobalIDString = 816D086C1DDB25360078BB57;
			remoteInfo = 1;
		};
		816D08921DDB25360078BB57 /* PBXContainerItemProxy */ = {
			isa = PBXContainerItemProxy;
			containerPortal = 816D08651DDB25360078BB57 /* Project object */;
			proxyType = 1;
			remoteGlobalIDString = 816D086C1DDB25360078BB57;
			remoteInfo = 1;
		};
/* End PBXContainerItemProxy section */

/* Begin PBXFileReference section */
		816D086D1DDB25360078BB57 /* 1.app */ = {isa = PBXFileReference; explicitFileType = wrapper.application; includeInIndex = 0; path = 1.app; sourceTree = BUILT_PRODUCTS_DIR; };
		816D08711DDB25360078BB57 /* main.m */ = {isa = PBXFileReference; lastKnownFileType = sourcecode.c.objc; path = main.m; sourceTree = "<group>"; };
		816D08731DDB25360078BB57 /* AppDelegate.h */ = {isa = PBXFileReference; lastKnownFileType = sourcecode.c.h; path = AppDelegate.h; sourceTree = "<group>"; };
		816D08741DDB25360078BB57 /* AppDelegate.m */ = {isa = PBXFileReference; lastKnownFileType = sourcecode.c.objc; path = AppDelegate.m; sourceTree = "<group>"; };
		816D08761DDB25360078BB57 /* ViewController.h */ = {isa = PBXFileReference; lastKnownFileType = sourcecode.c.h; path = ViewController.h; sourceTree = "<group>"; };
		816D08771DDB25360078BB57 /* ViewController.m */ = {isa = PBXFileReference; lastKnownFileType = sourcecode.c.objc; path = ViewController.m; sourceTree = "<group>"; };
		816D087A1DDB25360078BB57 /* Base */ = {isa = PBXFileReference; lastKnownFileType = file.storyboard; name = Base; path = Base.lproj/Main.storyboard; sourceTree = "<group>"; };
		816D087C1DDB25360078BB57 /* Assets.xcassets */ = {isa = PBXFileReference; lastKnownFileType = folder.assetcatalog; path = Assets.xcassets; sourceTree = "<group>"; };
		816D087F1DDB25360078BB57 /* Base */ = {isa = PBXFileReference; lastKnownFileType = file.storyboard; name = Base; path = Base.lproj/LaunchScreen.storyboard; sourceTree = "<group>"; };
		816D08811DDB25360078BB57 /* Info.plist */ = {isa = PBXFileReference; lastKnownFileType = text.plist.xml; path = Info.plist; sourceTree = "<group>"; };
		816D08861DDB25360078BB57 /* 1Tests.xctest */ = {isa = PBXFileReference; explicitFileType = wrapper.cfbundle; includeInIndex = 0; path = 1Tests.xctest; sourceTree = BUILT_PRODUCTS_DIR; };
		816D088A1DDB25360078BB57 /* _Tests.m */ = {isa = PBXFileReference; lastKnownFileType = sourcecode.c.objc; path = _Tests.m; sourceTree = "<group>"; };
		816D088C1DDB25360078BB57 /* Info.plist */ = {isa = PBXFileReference; lastKnownFileType = text.plist.xml; path = Info.plist; sourceTree = "<group>"; };
		816D08911DDB25360078BB57 /* 1UITests.xctest */ = {isa = PBXFileReference; explicitFileType = wrapper.cfbundle; includeInIndex = 0; path = 1UITests.xctest; sourceTree = BUILT_PRODUCTS_DIR; };
		816D08951DDB25360078BB57 /* _UITests.m */ = {isa = PBXFileReference; lastKnownFileType = sourcecode.c.objc; path = _UITests.m; sourceTree = "<group>"; };
		816D08971DDB25360078BB57 /* Info.plist */ = {isa = PBXFileReference; lastKnownFileType = text.plist.xml; path = Info.plist; sourceTree = "<group>"; };
/* End PBXFileReference section */

/* Begin PBXFrameworksBuildPhase section */
		816D086A1DDB25360078BB57 /* Frameworks */ = {
			isa = PBXFrameworksBuildPhase;
			buildActionMask = 2147483647;
			files = (
			);
			runOnlyForDeploymentPostprocessing = 0;
		};
		816D08831DDB25360078BB57 /* Frameworks */ = {
			isa = PBXFrameworksBuildPhase;
			buildActionMask = 2147483647;
			files = (
			);
			runOnlyForDeploymentPostprocessing = 0;
		};
		816D088E1DDB25360078BB57 /* Frameworks */ = {
			isa = PBXFrameworksBuildPhase;
			buildActionMask = 2147483647;
			files = (
			);
			runOnlyForDeploymentPostprocessing = 0;
		};
/* End PBXFrameworksBuildPhase section */

/* Begin PBXGroup section */
		816D08641DDB25360078BB57 = {
			isa = PBXGroup;
			children = (
				816D086F1DDB25360078BB57 /* 1 */,
				816D08891DDB25360078BB57 /* 1Tests */,
				816D08941DDB25360078BB57 /* 1UITests */,
				816D086E1DDB25360078BB57 /* Products */,
			);
			sourceTree = "<group>";
		};
		816D086E1DDB25360078BB57 /* Products */ = {
			isa = PBXGroup;
			children = (
				816D086D1DDB25360078BB57 /* 1.app */,
				816D08861DDB25360078BB57 /* 1Tests.xctest */,
				816D08911DDB25360078BB57 /* 1UITests.xctest */,
			);
			name = Products;
			sourceTree = "<group>";
		};
		816D086F1DDB25360078BB57 /* 1 */ = {
			isa = PBXGroup;
			children = (
				816D08731DDB25360078BB57 /* AppDelegate.h */,
				816D08741DDB25360078BB57 /* AppDelegate.m */,
				816D08761DDB25360078BB57 /* ViewController.h */,
				816D08771DDB25360078BB57 /* ViewController.m */,
				816D08791DDB25360078BB57 /* Main.storyboard */,
				816D087C1DDB25360078BB57 /* Assets.xcassets */,
				816D087E1DDB25360078BB57 /* LaunchScreen.storyboard */,
				816D08811DDB25360078BB57 /* Info.plist */,
				816D08701DDB25360078BB57 /* Supporting Files */,
			);
			path = 1;
			sourceTree = "<group>";
		};
		816D08701DDB25360078BB57 /* Supporting Files */ = {
			isa = PBXGroup;
			children = (
				816D08711DDB25360078BB57 /* main.m */,
			);
			name = "Supporting Files";
			sourceTree = "<group>";
		};
		816D08891DDB25360078BB57 /* 1Tests */ = {
			isa = PBXGroup;
			children = (
				816D088A1DDB25360078BB57 /* _Tests.m */,
				816D088C1DDB25360078BB57 /* Info.plist */,
			);
			path = 1Tests;
			sourceTree = "<group>";
		};
		816D08941DDB25360078BB57 /* 1UITests */ = {
			isa = PBXGroup;
			children = (
				816D08951DDB25360078BB57 /* _UITests.m */,
				816D08971DDB25360078BB57 /* Info.plist */,
			);
			path = 1UITests;
			sourceTree = "<group>";
		};
/* End PBXGroup section */

/* Begin PBXNativeTarget section */
		816D086C1DDB25360078BB57 /* 1 */ = {
			isa = PBXNativeTarget;
			buildConfigurationList = 816D089A1DDB25360078BB57 /* Build configuration list for PBXNativeTarget "1" */;
			buildPhases = (
				816D08691DDB25360078BB57 /* Sources */,
				816D086A1DDB25360078BB57 /* Frameworks */,
				816D086B1DDB25360078BB57 /* Resources */,
			);
			buildRules = (
			);
			dependencies = (
			);
			name = 1;
			productName = 1;
			productReference = 816D086D1DDB25360078BB57 /* 1.app */;
			productType = "com.apple.product-type.application";
		};
		816D08851DDB25360078BB57 /* 1Tests */ = {
			isa = PBXNativeTarget;
			buildConfigurationList = 816D089D1DDB25360078BB57 /* Build configuration list for PBXNativeTarget "1Tests" */;
			buildPhases = (
				816D08821DDB25360078BB57 /* Sources */,
				816D08831DDB25360078BB57 /* Frameworks */,
				816D08841DDB25360078BB57 /* Resources */,
			);
			buildRules = (
			);
			dependencies = (
				816D08881DDB25360078BB57 /* PBXTargetDependency */,
			);
			name = 1Tests;
			productName = 1Tests;
			productReference = 816D08861DDB25360078BB57 /* 1Tests.xctest */;
			productType = "com.apple.product-type.bundle.unit-test";
		};
		816D08901DDB25360078BB57 /* 1UITests */ = {
			isa = PBXNativeTarget;
			buildConfigurationList = 816D08A01DDB25360078BB57 /* Build configuration list for PBXNativeTarget "1UITests" */;
			buildPhases = (
				816D088D1DDB25360078BB57 /* Sources */,
				816D088E1DDB25360078BB57 /* Frameworks */,
				816D088F1DDB25360078BB57 /* Resources */,
			);
			buildRules = (
			);
			dependencies = (
				816D08931DDB25360078BB57 /* PBXTargetDependency */,
			);
			name = 1UITests;
			productName = 1UITests;
			productReference = 816D08911DDB25360078BB57 /* 1UITests.xctest */;
			productType = "com.apple.product-type.bundle.ui-testing";
		};
/* End PBXNativeTarget section */

/* Begin PBXProject section */
		816D08651DDB25360078BB57 /* Project object */ = {
			isa = PBXProject;
			attributes = {
				LastUpgradeCheck = 0730;
				ORGANIZATIONNAME = "何婉榕";
				TargetAttributes = {
					816D086C1DDB25360078BB57 = {
						CreatedOnToolsVersion = 7.3.1;
					};
					816D08851DDB25360078BB57 = {
						CreatedOnToolsVersion = 7.3.1;
						TestTargetID = 816D086C1DDB25360078BB57;
					};
					816D08901DDB25360078BB57 = {
						CreatedOnToolsVersion = 7.3.1;
						TestTargetID = 816D086C1DDB25360078BB57;
					};
				};
			};
			buildConfigurationList = 816D08681DDB25360078BB57 /* Build configuration list for PBXProject "1" */;
			compatibilityVersion = "Xcode 3.2";
			developmentRegion = English;
			hasScannedForEncodings = 0;
			knownRegions = (
				en,
				Base,
			);
			mainGroup = 816D08641DDB25360078BB57;
			productRefGroup = 816D086E1DDB25360078BB57 /* Products */;
			projectDirPath = "";
			projectRoot = "";
			targets = (
				816D086C1DDB25360078BB57 /* 1 */,
				816D08851DDB25360078BB57 /* 1Tests */,
				816D08901DDB25360078BB57 /* 1UITests */,
			);
		};
/* End PBXProject section */

/* Begin PBXResourcesBuildPhase section */
		816D086B1DDB25360078BB57 /* Resources */ = {
			isa = PBXResourcesBuildPhase;
			buildActionMask = 2147483647;
			files = (
				816D08801DDB25360078BB57 /* LaunchScreen.storyboard in Resources */,
				816D087D1DDB25360078BB57 /* Assets.xcassets in Resources */,
				816D087B1DDB25360078BB57 /* Main.storyboard in Resources */,
			);
			runOnlyForDeploymentPostprocessing = 0;
		};
		816D08841DDB25360078BB57 /* Resources */ = {
			isa = PBXResourcesBuildPhase;
			buildActionMask = 2147483647;
			files = (
			);
			runOnlyForDeploymentPostprocessing = 0;
		};
		816D088F1DDB25360078BB57 /* Resources */ = {
			isa = PBXResourcesBuildPhase;
			buildActionMask = 2147483647;
			files = (
			);
			runOnlyForDeploymentPostprocessing = 0;
		};
/* End PBXResourcesBuildPhase section */

/* Begin PBXSourcesBuildPhase section */
		816D08691DDB25360078BB57 /* Sources */ = {
			isa = PBXSourcesBuildPhase;
			buildActionMask = 2147483647;
			files = (
				816D08781DDB25360078BB57 /* ViewController.m in Sources */,
				816D08751DDB25360078BB57 /* AppDelegate.m in Sources */,
				816D08721DDB25360078BB57 /* main.m in Sources */,
			);
			runOnlyForDeploymentPostprocessing = 0;
		};
		816D08821DDB25360078BB57 /* Sources */ = {
			isa = PBXSourcesBuildPhase;
			buildActionMask = 2147483647;
			files = (
				816D088B1DDB25360078BB57 /* _Tests.m in Sources */,
			);
			runOnlyForDeploymentPostprocessing = 0;
		};
		816D088D1DDB25360078BB57 /* Sources */ = {
			isa = PBXSourcesBuildPhase;
			buildActionMask = 2147483647;
			files = (
				816D08961DDB25360078BB57 /* _UITests.m in Sources */,
			);
			runOnlyForDeploymentPostprocessing = 0;
		};
/* End PBXSourcesBuildPhase section */

/* Begin PBXTargetDependency section */
		816D08881DDB25360078BB57 /* PBXTargetDependency */ = {
			isa = PBXTargetDependency;
			target = 816D086C1DDB25360078BB57 /* 1 */;
			targetProxy = 816D08871DDB25360078BB57 /* PBXContainerItemProxy */;
		};
		816D08931DDB25360078BB57 /* PBXTargetDependency */ = {
			isa = PBXTargetDependency;
			target = 816D086C1DDB25360078BB57 /* 1 */;
			targetProxy = 816D08921DDB25360078BB57 /* PBXContainerItemProxy */;
		};
/* End PBXTargetDependency section */

/* Begin PBXVariantGroup section */
		816D08791DDB25360078BB57 /* Main.storyboard */ = {
			isa = PBXVariantGroup;
			children = (
				816D087A1DDB25360078BB57 /* Base */,
			);
			name = Main.storyboard;
			sourceTree = "<group>";
		};
		816D087E1DDB25360078BB57 /* LaunchScreen.storyboard */ = {
			isa = PBXVariantGroup;
			children = (
				816D087F1DDB25360078BB57 /* Base */,
			);
			name = LaunchScreen.storyboard;
			sourceTree = "<group>";
		};
/* End PBXVariantGroup section */

/* Begin XCBuildConfiguration section */
		816D08981DDB25360078BB57 /* Debug */ = {
			isa = XCBuildConfiguration;
			buildSettings = {
				ALWAYS_SEARCH_USER_PATHS = NO;
				CLANG_ANALYZER_NONNULL = YES;
				CLANG_CXX_LANGUAGE_STANDARD = "gnu++0x";
				CLANG_CXX_LIBRARY = "libc++";
				CLANG_ENABLE_MODULES = YES;
				CLANG_ENABLE_OBJC_ARC = YES;
				CLANG_WARN_BOOL_CONVERSION = YES;
				CLANG_WARN_CONSTANT_CONVERSION = YES;
				CLANG_WARN_DIRECT_OBJC_ISA_USAGE = YES_ERROR;
				CLANG_WARN_EMPTY_BODY = YES;
				CLANG_WARN_ENUM_CONVERSION = YES;
				CLANG_WARN_INT_CONVERSION = YES;
				CLANG_WARN_OBJC_ROOT_CLASS = YES_ERROR;
				CLANG_WARN_UNREACHABLE_CODE = YES;
				CLANG_WARN__DUPLICATE_METHOD_MATCH = YES;
				"CODE_SIGN_IDENTITY[sdk=iphoneos*]" = "iPhone Developer";
				COPY_PHASE_STRIP = NO;
				DEBUG_INFORMATION_FORMAT = dwarf;
				ENABLE_STRICT_OBJC_MSGSEND = YES;
				ENABLE_TESTABILITY = YES;
				GCC_C_LANGUAGE_STANDARD = gnu99;
				GCC_DYNAMIC_NO_PIC = NO;
				GCC_NO_COMMON_BLOCKS = YES;
				GCC_OPTIMIZATION_LEVEL = 0;
				GCC_PREPROCESSOR_DEFINITIONS = (
					"DEBUG=1",
					"$(inherited)",
				);
				GCC_WARN_64_TO_32_BIT_CONVERSION = YES;
				GCC_WARN_ABOUT_RETURN_TYPE = YES_ERROR;
				GCC_WARN_UNDECLARED_SELECTOR = YES;
				GCC_WARN_UNINITIALIZED_AUTOS = YES_AGGRESSIVE;
				GCC_WARN_UNUSED_FUNCTION = YES;
				GCC_WARN_UNUSED_VARIABLE = YES;
				IPHONEOS_DEPLOYMENT_TARGET = 9.3;
				MTL_ENABLE_DEBUG_INFO = YES;
				ONLY_ACTIVE_ARCH = YES;
				SDKROOT = iphoneos;
				TARGETED_DEVICE_FAMILY = "1,2";
			};
			name = Debug;
		};
		816D08991DDB25360078BB57 /* Release */ = {
			isa = XCBuildConfiguration;
			buildSettings = {
				ALWAYS_SEARCH_USER_PATHS = NO;
				CLANG_ANALYZER_NONNULL = YES;
				CLANG_CXX_LANGUAGE_STANDARD = "gnu++0x";
				CLANG_CXX_LIBRARY = "libc++";
				CLANG_ENABLE_MODULES = YES;
				CLANG_ENABLE_OBJC_ARC = YES;
				CLANG_WARN_BOOL_CONVERSION = YES;
				CLANG_WARN_CONSTANT_CONVERSION = YES;
				CLANG_WARN_DIRECT_OBJC_ISA_USAGE = YES_ERROR;
				CLANG_WARN_EMPTY_BODY = YES;
				CLANG_WARN_ENUM_CONVERSION = YES;
				CLANG_WARN_INT_CONVERSION = YES;
				CLANG_WARN_OBJC_ROOT_CLASS = YES_ERROR;
				CLANG_WARN_UNREACHABLE_CODE = YES;
				CLANG_WARN__DUPLICATE_METHOD_MATCH = YES;
				"CODE_SIGN_IDENTITY[sdk=iphoneos*]" = "iPhone Developer";
				COPY_PHASE_STRIP = NO;
				DEBUG_INFORMATION_FORMAT = "dwarf-with-dsym";
				ENABLE_NS_ASSERTIONS = NO;
				ENABLE_STRICT_OBJC_MSGSEND = YES;
				GCC_C_LANGUAGE_STANDARD = gnu99;
				GCC_NO_COMMON_BLOCKS = YES;
				GCC_WARN_64_TO_32_BIT_CONVERSION = YES;
				GCC_WARN_ABOUT_RETURN_TYPE = YES_ERROR;
				GCC_WARN_UNDECLARED_SELECTOR = YES;
				GCC_WARN_UNINITIALIZED_AUTOS = YES_AGGRESSIVE;
				GCC_WARN_UNUSED_FUNCTION = YES;
				GCC_WARN_UNUSED_VARIABLE = YES;
				IPHONEOS_DEPLOYMENT_TARGET = 9.3;
				MTL_ENABLE_DEBUG_INFO = NO;
				SDKROOT = iphoneos;
				TARGETED_DEVICE_FAMILY = "1,2";
				VALIDATE_PRODUCT = YES;
			};
			name = Release;
		};
		816D089B1DDB25360078BB57 /* Debug */ = {
			isa = XCBuildConfiguration;
			buildSettings = {
				ASSETCATALOG_COMPILER_APPICON_NAME = AppIcon;
				INFOPLIST_FILE = 1/Info.plist;
				LD_RUNPATH_SEARCH_PATHS = "$(inherited) @executable_path/Frameworks";
				PRODUCT_BUNDLE_IDENTIFIER = "www.-";
				PRODUCT_NAME = "$(TARGET_NAME)";
			};
			name = Debug;
		};
		816D089C1DDB25360078BB57 /* Release */ = {
			isa = XCBuildConfiguration;
			buildSettings = {
				ASSETCATALOG_COMPILER_APPICON_NAME = AppIcon;
				INFOPLIST_FILE = 1/Info.plist;
				LD_RUNPATH_SEARCH_PATHS = "$(inherited) @executable_path/Frameworks";
				PRODUCT_BUNDLE_IDENTIFIER = "www.-";
				PRODUCT_NAME = "$(TARGET_NAME)";
			};
			name = Release;
		};
		816D089E1DDB25360078BB57 /* Debug */ = {
			isa = XCBuildConfiguration;
			buildSettings = {
				BUNDLE_LOADER = "$(TEST_HOST)";
				INFOPLIST_FILE = 1Tests/Info.plist;
				LD_RUNPATH_SEARCH_PATHS = "$(inherited) @executable_path/Frameworks @loader_path/Frameworks";
				PRODUCT_BUNDLE_IDENTIFIER = "www.-Tests";
				PRODUCT_NAME = "$(TARGET_NAME)";
				TEST_HOST = "$(BUILT_PRODUCTS_DIR)/1.app/1";
			};
			name = Debug;
		};
		816D089F1DDB25360078BB57 /* Release */ = {
			isa = XCBuildConfiguration;
			buildSettings = {
				BUNDLE_LOADER = "$(TEST_HOST)";
				INFOPLIST_FILE = 1Tests/Info.plist;
				LD_RUNPATH_SEARCH_PATHS = "$(inherited) @executable_path/Frameworks @loader_path/Frameworks";
				PRODUCT_BUNDLE_IDENTIFIER = "www.-Tests";
				PRODUCT_NAME = "$(TARGET_NAME)";
				TEST_HOST = "$(BUILT_PRODUCTS_DIR)/1.app/1";
			};
			name = Release;
		};
		816D08A11DDB25360078BB57 /* Debug */ = {
			isa = XCBuildConfiguration;
			buildSettings = {
				INFOPLIST_FILE = 1UITests/Info.plist;
				LD_RUNPATH_SEARCH_PATHS = "$(inherited) @executable_path/Frameworks @loader_path/Frameworks";
				PRODUCT_BUNDLE_IDENTIFIER = "www.-UITests";
				PRODUCT_NAME = "$(TARGET_NAME)";
				TEST_TARGET_NAME = 1;
			};
			name = Debug;
		};
		816D08A21DDB25360078BB57 /* Release */ = {
			isa = XCBuildConfiguration;
			buildSettings = {
				INFOPLIST_FILE = 1UITests/Info.plist;
				LD_RUNPATH_SEARCH_PATHS = "$(inherited) @executable_path/Frameworks @loader_path/Frameworks";
				PRODUCT_BUNDLE_IDENTIFIER = "www.-UITests";
				PRODUCT_NAME = "$(TARGET_NAME)";
				TEST_TARGET_NAME = 1;
			};
			name = Release;
		};
/* End XCBuildConfiguration section */

/* Begin XCConfigurationList section */
		816D08681DDB25360078BB57 /* Build configuration list for PBXProject "1" */ = {
			isa = XCConfigurationList;
			buildConfigurations = (
				816D08981DDB25360078BB57 /* Debug */,
				816D08991DDB25360078BB57 /* Release */,
			);
			defaultConfigurationIsVisible = 0;
			defaultConfigurationName = Release;
		};
		816D089A1DDB25360078BB57 /* Build configuration list for PBXNativeTarget "1" */ = {
			isa = XCConfigurationList;
			buildConfigurations = (
				816D089B1DDB25360078BB57 /* Debug */,
				816D089C1DDB25360078BB57 /* Release */,
			);
			defaultConfigurationIsVisible = 0;
		};
		816D089D1DDB25360078BB57 /* Build configuration list for PBXNativeTarget "1Tests" */ = {
			isa = XCConfigurationList;
			buildConfigurations = (
				816D089E1DDB25360078BB57 /* Debug */,
				816D089F1DDB25360078BB57 /* Release */,
			);
			defaultConfigurationIsVisible = 0;
		};
		816D08A01DDB25360078BB57 /* Build configuration list for PBXNativeTarget "1UITests" */ = {
			isa = XCConfigurationList;
			buildConfigurations = (
				816D08A11DDB25360078BB57 /* Debug */,
				816D08A21DDB25360078BB57 /* Release */,
			);
			defaultConfigurationIsVisible = 0;
		};
/* End XCConfigurationList section */
	};
	rootObject = 816D08651DDB25360078BB57 /* Project object */;
}
